// !$*UTF8*$!
{
	archiveVersion = 1;
	classes = {
	};
	objectVersion = 50;
	objects = {

/* Begin PBXBuildFile section */
		084D8E95250358AA00F44C05 /* AppDelegate.swift in Sources */ = {isa = PBXBuildFile; fileRef = 084D8E94250358AA00F44C05 /* AppDelegate.swift */; };
		084D8E97250358AA00F44C05 /* SceneDelegate.swift in Sources */ = {isa = PBXBuildFile; fileRef = 084D8E96250358AA00F44C05 /* SceneDelegate.swift */; };
		084D8E99250358AA00F44C05 /* ViewController.swift in Sources */ = {isa = PBXBuildFile; fileRef = 084D8E98250358AA00F44C05 /* ViewController.swift */; };
		084D8E9C250358AA00F44C05 /* Main.storyboard in Resources */ = {isa = PBXBuildFile; fileRef = 084D8E9A250358AA00F44C05 /* Main.storyboard */; };
		084D8E9F250358AA00F44C05 /* MovieDB.xcdatamodeld in Sources */ = {isa = PBXBuildFile; fileRef = 084D8E9D250358AA00F44C05 /* MovieDB.xcdatamodeld */; };
		084D8EA1250358B100F44C05 /* Assets.xcassets in Resources */ = {isa = PBXBuildFile; fileRef = 084D8EA0250358B100F44C05 /* Assets.xcassets */; };
		084D8EA4250358B100F44C05 /* LaunchScreen.storyboard in Resources */ = {isa = PBXBuildFile; fileRef = 084D8EA2250358B100F44C05 /* LaunchScreen.storyboard */; };
		084D8EAF250358B200F44C05 /* MovieDBTests.swift in Sources */ = {isa = PBXBuildFile; fileRef = 084D8EAE250358B200F44C05 /* MovieDBTests.swift */; };
		084D8EBA250358B200F44C05 /* MovieDBUITests.swift in Sources */ = {isa = PBXBuildFile; fileRef = 084D8EB9250358B200F44C05 /* MovieDBUITests.swift */; };
		32D33B8DE2BC34018AA7A000 /* Pods_MovieDB_MovieDBUITests.framework in Frameworks */ = {isa = PBXBuildFile; fileRef = C95ACEAC9C05C947888149B5 /* Pods_MovieDB_MovieDBUITests.framework */; };
		A8640D4D998395CFFCD7DA67 /* Pods_MovieDB.framework in Frameworks */ = {isa = PBXBuildFile; fileRef = C935DED8F1417C33B70CF1E6 /* Pods_MovieDB.framework */; };
		E2F639FC79CEF9C2EE387675 /* Pods_MovieDBTests.framework in Frameworks */ = {isa = PBXBuildFile; fileRef = 237E49C81393A8F30E829BC2 /* Pods_MovieDBTests.framework */; };
/* End PBXBuildFile section */

/* Begin PBXContainerItemProxy section */
		084D8EAB250358B100F44C05 /* PBXContainerItemProxy */ = {
			isa = PBXContainerItemProxy;
			containerPortal = 084D8E89250358AA00F44C05 /* Project object */;
			proxyType = 1;
			remoteGlobalIDString = 084D8E90250358AA00F44C05;
			remoteInfo = MovieDB;
		};
		084D8EB6250358B200F44C05 /* PBXContainerItemProxy */ = {
			isa = PBXContainerItemProxy;
			containerPortal = 084D8E89250358AA00F44C05 /* Project object */;
			proxyType = 1;
			remoteGlobalIDString = 084D8E90250358AA00F44C05;
			remoteInfo = MovieDB;
		};
/* End PBXContainerItemProxy section */

/* Begin PBXFileReference section */
		084D8E91250358AA00F44C05 /* MovieDB.app */ = {isa = PBXFileReference; explicitFileType = wrapper.application; includeInIndex = 0; path = MovieDB.app; sourceTree = BUILT_PRODUCTS_DIR; };
		084D8E94250358AA00F44C05 /* AppDelegate.swift */ = {isa = PBXFileReference; lastKnownFileType = sourcecode.swift; path = AppDelegate.swift; sourceTree = "<group>"; };
		084D8E96250358AA00F44C05 /* SceneDelegate.swift */ = {isa = PBXFileReference; lastKnownFileType = sourcecode.swift; path = SceneDelegate.swift; sourceTree = "<group>"; };
		084D8E98250358AA00F44C05 /* ViewController.swift */ = {isa = PBXFileReference; lastKnownFileType = sourcecode.swift; path = ViewController.swift; sourceTree = "<group>"; };
		084D8E9B250358AA00F44C05 /* Base */ = {isa = PBXFileReference; lastKnownFileType = file.storyboard; name = Base; path = Base.lproj/Main.storyboard; sourceTree = "<group>"; };
		084D8E9E250358AA00F44C05 /* MovieDB.xcdatamodel */ = {isa = PBXFileReference; lastKnownFileType = wrapper.xcdatamodel; path = MovieDB.xcdatamodel; sourceTree = "<group>"; };
		084D8EA0250358B100F44C05 /* Assets.xcassets */ = {isa = PBXFileReference; lastKnownFileType = folder.assetcatalog; path = Assets.xcassets; sourceTree = "<group>"; };
		084D8EA3250358B100F44C05 /* Base */ = {isa = PBXFileReference; lastKnownFileType = file.storyboard; name = Base; path = Base.lproj/LaunchScreen.storyboard; sourceTree = "<group>"; };
		084D8EA5250358B100F44C05 /* Info.plist */ = {isa = PBXFileReference; lastKnownFileType = text.plist.xml; path = Info.plist; sourceTree = "<group>"; };
		084D8EAA250358B100F44C05 /* MovieDBTests.xctest */ = {isa = PBXFileReference; explicitFileType = wrapper.cfbundle; includeInIndex = 0; path = MovieDBTests.xctest; sourceTree = BUILT_PRODUCTS_DIR; };
		084D8EAE250358B200F44C05 /* MovieDBTests.swift */ = {isa = PBXFileReference; lastKnownFileType = sourcecode.swift; path = MovieDBTests.swift; sourceTree = "<group>"; };
		084D8EB0250358B200F44C05 /* Info.plist */ = {isa = PBXFileReference; lastKnownFileType = text.plist.xml; path = Info.plist; sourceTree = "<group>"; };
		084D8EB5250358B200F44C05 /* MovieDBUITests.xctest */ = {isa = PBXFileReference; explicitFileType = wrapper.cfbundle; includeInIndex = 0; path = MovieDBUITests.xctest; sourceTree = BUILT_PRODUCTS_DIR; };
		084D8EB9250358B200F44C05 /* MovieDBUITests.swift */ = {isa = PBXFileReference; lastKnownFileType = sourcecode.swift; path = MovieDBUITests.swift; sourceTree = "<group>"; };
		084D8EBB250358B200F44C05 /* Info.plist */ = {isa = PBXFileReference; lastKnownFileType = text.plist.xml; path = Info.plist; sourceTree = "<group>"; };
		237E49C81393A8F30E829BC2 /* Pods_MovieDBTests.framework */ = {isa = PBXFileReference; explicitFileType = wrapper.framework; includeInIndex = 0; path = Pods_MovieDBTests.framework; sourceTree = BUILT_PRODUCTS_DIR; };
		5534C78243661C911A2B0849 /* Pods-MovieDB-MovieDBUITests.debug.xcconfig */ = {isa = PBXFileReference; includeInIndex = 1; lastKnownFileType = text.xcconfig; name = "Pods-MovieDB-MovieDBUITests.debug.xcconfig"; path = "Target Support Files/Pods-MovieDB-MovieDBUITests/Pods-MovieDB-MovieDBUITests.debug.xcconfig"; sourceTree = "<group>"; };
		57D8C91A7EAC5FB364347E4A /* Pods-MovieDB-MovieDBUITests.release.xcconfig */ = {isa = PBXFileReference; includeInIndex = 1; lastKnownFileType = text.xcconfig; name = "Pods-MovieDB-MovieDBUITests.release.xcconfig"; path = "Target Support Files/Pods-MovieDB-MovieDBUITests/Pods-MovieDB-MovieDBUITests.release.xcconfig"; sourceTree = "<group>"; };
		948016AF0CEF68F1875AEDD4 /* Pods-MovieDBTests.release.xcconfig */ = {isa = PBXFileReference; includeInIndex = 1; lastKnownFileType = text.xcconfig; name = "Pods-MovieDBTests.release.xcconfig"; path = "Target Support Files/Pods-MovieDBTests/Pods-MovieDBTests.release.xcconfig"; sourceTree = "<group>"; };
		B858A416139601E819AAAC1B /* Pods-MovieDB.release.xcconfig */ = {isa = PBXFileReference; includeInIndex = 1; lastKnownFileType = text.xcconfig; name = "Pods-MovieDB.release.xcconfig"; path = "Target Support Files/Pods-MovieDB/Pods-MovieDB.release.xcconfig"; sourceTree = "<group>"; };
		C935DED8F1417C33B70CF1E6 /* Pods_MovieDB.framework */ = {isa = PBXFileReference; explicitFileType = wrapper.framework; includeInIndex = 0; path = Pods_MovieDB.framework; sourceTree = BUILT_PRODUCTS_DIR; };
		C9568CEF6187A5B277C6390F /* Pods-MovieDB.debug.xcconfig */ = {isa = PBXFileReference; includeInIndex = 1; lastKnownFileType = text.xcconfig; name = "Pods-MovieDB.debug.xcconfig"; path = "Target Support Files/Pods-MovieDB/Pods-MovieDB.debug.xcconfig"; sourceTree = "<group>"; };
		C95ACEAC9C05C947888149B5 /* Pods_MovieDB_MovieDBUITests.framework */ = {isa = PBXFileReference; explicitFileType = wrapper.framework; includeInIndex = 0; path = Pods_MovieDB_MovieDBUITests.framework; sourceTree = BUILT_PRODUCTS_DIR; };
		F1B248C2AB44357603EF3BF6 /* Pods-MovieDBTests.debug.xcconfig */ = {isa = PBXFileReference; includeInIndex = 1; lastKnownFileType = text.xcconfig; name = "Pods-MovieDBTests.debug.xcconfig"; path = "Target Support Files/Pods-MovieDBTests/Pods-MovieDBTests.debug.xcconfig"; sourceTree = "<group>"; };
/* End PBXFileReference section */

/* Begin PBXFrameworksBuildPhase section */
		084D8E8E250358AA00F44C05 /* Frameworks */ = {
			isa = PBXFrameworksBuildPhase;
			buildActionMask = 2147483647;
			files = (
				A8640D4D998395CFFCD7DA67 /* Pods_MovieDB.framework in Frameworks */,
			);
			runOnlyForDeploymentPostprocessing = 0;
		};
		084D8EA7250358B100F44C05 /* Frameworks */ = {
			isa = PBXFrameworksBuildPhase;
			buildActionMask = 2147483647;
			files = (
				E2F639FC79CEF9C2EE387675 /* Pods_MovieDBTests.framework in Frameworks */,
			);
			runOnlyForDeploymentPostprocessing = 0;
		};
		084D8EB2250358B200F44C05 /* Frameworks */ = {
			isa = PBXFrameworksBuildPhase;
			buildActionMask = 2147483647;
			files = (
				32D33B8DE2BC34018AA7A000 /* Pods_MovieDB_MovieDBUITests.framework in Frameworks */,
			);
			runOnlyForDeploymentPostprocessing = 0;
		};
/* End PBXFrameworksBuildPhase section */

/* Begin PBXGroup section */
		072AABDCA48A0095A5CF1A1F /* Pods */ = {
			isa = PBXGroup;
			children = (
				C9568CEF6187A5B277C6390F /* Pods-MovieDB.debug.xcconfig */,
				B858A416139601E819AAAC1B /* Pods-MovieDB.release.xcconfig */,
				5534C78243661C911A2B0849 /* Pods-MovieDB-MovieDBUITests.debug.xcconfig */,
				57D8C91A7EAC5FB364347E4A /* Pods-MovieDB-MovieDBUITests.release.xcconfig */,
				F1B248C2AB44357603EF3BF6 /* Pods-MovieDBTests.debug.xcconfig */,
				948016AF0CEF68F1875AEDD4 /* Pods-MovieDBTests.release.xcconfig */,
			);
			name = Pods;
			path = Pods;
			sourceTree = "<group>";
		};
		084D8E88250358AA00F44C05 = {
			isa = PBXGroup;
			children = (
				084D8E93250358AA00F44C05 /* MovieDB */,
				084D8EAD250358B100F44C05 /* MovieDBTests */,
				084D8EB8250358B200F44C05 /* MovieDBUITests */,
				084D8E92250358AA00F44C05 /* Products */,
				072AABDCA48A0095A5CF1A1F /* Pods */,
				4B2CAEA6FA5EC9B30F176D10 /* Frameworks */,
			);
			sourceTree = "<group>";
		};
		084D8E92250358AA00F44C05 /* Products */ = {
			isa = PBXGroup;
			children = (
				084D8E91250358AA00F44C05 /* MovieDB.app */,
				084D8EAA250358B100F44C05 /* MovieDBTests.xctest */,
				084D8EB5250358B200F44C05 /* MovieDBUITests.xctest */,
			);
			name = Products;
			sourceTree = "<group>";
		};
		084D8E93250358AA00F44C05 /* MovieDB */ = {
			isa = PBXGroup;
			children = (
				084D8E94250358AA00F44C05 /* AppDelegate.swift */,
				084D8E96250358AA00F44C05 /* SceneDelegate.swift */,
				084D8E98250358AA00F44C05 /* ViewController.swift */,
				084D8E9A250358AA00F44C05 /* Main.storyboard */,
				084D8EA0250358B100F44C05 /* Assets.xcassets */,
				084D8EA2250358B100F44C05 /* LaunchScreen.storyboard */,
				084D8EA5250358B100F44C05 /* Info.plist */,
				084D8E9D250358AA00F44C05 /* MovieDB.xcdatamodeld */,
			);
			path = MovieDB;
			sourceTree = "<group>";
		};
		084D8EAD250358B100F44C05 /* MovieDBTests */ = {
			isa = PBXGroup;
			children = (
				084D8EAE250358B200F44C05 /* MovieDBTests.swift */,
				084D8EB0250358B200F44C05 /* Info.plist */,
			);
			path = MovieDBTests;
			sourceTree = "<group>";
		};
		084D8EB8250358B200F44C05 /* MovieDBUITests */ = {
			isa = PBXGroup;
			children = (
				084D8EB9250358B200F44C05 /* MovieDBUITests.swift */,
				084D8EBB250358B200F44C05 /* Info.plist */,
			);
			path = MovieDBUITests;
			sourceTree = "<group>";
		};
		4B2CAEA6FA5EC9B30F176D10 /* Frameworks */ = {
			isa = PBXGroup;
			children = (
				C935DED8F1417C33B70CF1E6 /* Pods_MovieDB.framework */,
				C95ACEAC9C05C947888149B5 /* Pods_MovieDB_MovieDBUITests.framework */,
				237E49C81393A8F30E829BC2 /* Pods_MovieDBTests.framework */,
			);
			name = Frameworks;
			sourceTree = "<group>";
		};
/* End PBXGroup section */

/* Begin PBXNativeTarget section */
		084D8E90250358AA00F44C05 /* MovieDB */ = {
			isa = PBXNativeTarget;
			buildConfigurationList = 084D8EBE250358B200F44C05 /* Build configuration list for PBXNativeTarget "MovieDB" */;
			buildPhases = (
				D6745760386DA1DC8E4918D6 /* [CP] Check Pods Manifest.lock */,
				084D8E8D250358AA00F44C05 /* Sources */,
				084D8E8E250358AA00F44C05 /* Frameworks */,
				084D8E8F250358AA00F44C05 /* Resources */,
			);
			buildRules = (
			);
			dependencies = (
			);
			name = MovieDB;
			productName = MovieDB;
			productReference = 084D8E91250358AA00F44C05 /* MovieDB.app */;
			productType = "com.apple.product-type.application";
		};
		084D8EA9250358B100F44C05 /* MovieDBTests */ = {
			isa = PBXNativeTarget;
			buildConfigurationList = 084D8EC1250358B200F44C05 /* Build configuration list for PBXNativeTarget "MovieDBTests" */;
			buildPhases = (
				5C04813294A8EAFFE7F7DA81 /* [CP] Check Pods Manifest.lock */,
				084D8EA6250358B100F44C05 /* Sources */,
				084D8EA7250358B100F44C05 /* Frameworks */,
				084D8EA8250358B100F44C05 /* Resources */,
			);
			buildRules = (
			);
			dependencies = (
				084D8EAC250358B100F44C05 /* PBXTargetDependency */,
			);
			name = MovieDBTests;
			productName = MovieDBTests;
			productReference = 084D8EAA250358B100F44C05 /* MovieDBTests.xctest */;
			productType = "com.apple.product-type.bundle.unit-test";
		};
		084D8EB4250358B200F44C05 /* MovieDBUITests */ = {
			isa = PBXNativeTarget;
			buildConfigurationList = 084D8EC4250358B200F44C05 /* Build configuration list for PBXNativeTarget "MovieDBUITests" */;
			buildPhases = (
				7A76D5BFAC6DE8C825DE9E35 /* [CP] Check Pods Manifest.lock */,
				084D8EB1250358B200F44C05 /* Sources */,
				084D8EB2250358B200F44C05 /* Frameworks */,
				084D8EB3250358B200F44C05 /* Resources */,
			);
			buildRules = (
			);
			dependencies = (
				084D8EB7250358B200F44C05 /* PBXTargetDependency */,
			);
			name = MovieDBUITests;
			productName = MovieDBUITests;
			productReference = 084D8EB5250358B200F44C05 /* MovieDBUITests.xctest */;
			productType = "com.apple.product-type.bundle.ui-testing";
		};
/* End PBXNativeTarget section */

/* Begin PBXProject section */
		084D8E89250358AA00F44C05 /* Project object */ = {
			isa = PBXProject;
			attributes = {
				LastSwiftUpdateCheck = 1150;
				LastUpgradeCheck = 1150;
				ORGANIZATIONNAME = Shrunkita;
				TargetAttributes = {
					084D8E90250358AA00F44C05 = {
						CreatedOnToolsVersion = 11.5;
					};
					084D8EA9250358B100F44C05 = {
						CreatedOnToolsVersion = 11.5;
						TestTargetID = 084D8E90250358AA00F44C05;
					};
					084D8EB4250358B200F44C05 = {
						CreatedOnToolsVersion = 11.5;
						TestTargetID = 084D8E90250358AA00F44C05;
					};
				};
			};
			buildConfigurationList = 084D8E8C250358AA00F44C05 /* Build configuration list for PBXProject "MovieDB" */;
			compatibilityVersion = "Xcode 9.3";
			developmentRegion = en;
			hasScannedForEncodings = 0;
			knownRegions = (
				en,
				Base,
			);
			mainGroup = 084D8E88250358AA00F44C05;
			productRefGroup = 084D8E92250358AA00F44C05 /* Products */;
			projectDirPath = "";
			projectRoot = "";
			targets = (
				084D8E90250358AA00F44C05 /* MovieDB */,
				084D8EA9250358B100F44C05 /* MovieDBTests */,
				084D8EB4250358B200F44C05 /* MovieDBUITests */,
			);
		};
/* End PBXProject section */

/* Begin PBXResourcesBuildPhase section */
		084D8E8F250358AA00F44C05 /* Resources */ = {
			isa = PBXResourcesBuildPhase;
			buildActionMask = 2147483647;
			files = (
				084D8EA4250358B100F44C05 /* LaunchScreen.storyboard in Resources */,
				084D8EA1250358B100F44C05 /* Assets.xcassets in Resources */,
				084D8E9C250358AA00F44C05 /* Main.storyboard in Resources */,
			);
			runOnlyForDeploymentPostprocessing = 0;
		};
		084D8EA8250358B100F44C05 /* Resources */ = {
			isa = PBXResourcesBuildPhase;
			buildActionMask = 2147483647;
			files = (
			);
			runOnlyForDeploymentPostprocessing = 0;
		};
		084D8EB3250358B200F44C05 /* Resources */ = {
			isa = PBXResourcesBuildPhase;
			buildActionMask = 2147483647;
			files = (
			);
			runOnlyForDeploymentPostprocessing = 0;
		};
/* End PBXResourcesBuildPhase section */

/* Begin PBXShellScriptBuildPhase section */
		5C04813294A8EAFFE7F7DA81 /* [CP] Check Pods Manifest.lock */ = {
			isa = PBXShellScriptBuildPhase;
			buildActionMask = 2147483647;
			files = (
			);
			inputFileListPaths = (
			);
			inputPaths = (
				"${PODS_PODFILE_DIR_PATH}/Podfile.lock",
				"${PODS_ROOT}/Manifest.lock",
			);
			name = "[CP] Check Pods Manifest.lock";
			outputFileListPaths = (
			);
			outputPaths = (
				"$(DERIVED_FILE_DIR)/Pods-MovieDBTests-checkManifestLockResult.txt",
			);
			runOnlyForDeploymentPostprocessing = 0;
			shellPath = /bin/sh;
			shellScript = "diff \"${PODS_PODFILE_DIR_PATH}/Podfile.lock\" \"${PODS_ROOT}/Manifest.lock\" > /dev/null\nif [ $? != 0 ] ; then\n    # print error to STDERR\n    echo \"error: The sandbox is not in sync with the Podfile.lock. Run 'pod install' or update your CocoaPods installation.\" >&2\n    exit 1\nfi\n# This output is used by Xcode 'outputs' to avoid re-running this script phase.\necho \"SUCCESS\" > \"${SCRIPT_OUTPUT_FILE_0}\"\n";
			showEnvVarsInLog = 0;
		};
		7A76D5BFAC6DE8C825DE9E35 /* [CP] Check Pods Manifest.lock */ = {
			isa = PBXShellScriptBuildPhase;
			buildActionMask = 2147483647;
			files = (
			);
			inputFileListPaths = (
			);
			inputPaths = (
				"${PODS_PODFILE_DIR_PATH}/Podfile.lock",
				"${PODS_ROOT}/Manifest.lock",
			);
			name = "[CP] Check Pods Manifest.lock";
			outputFileListPaths = (
			);
			outputPaths = (
				"$(DERIVED_FILE_DIR)/Pods-MovieDB-MovieDBUITests-checkManifestLockResult.txt",
			);
			runOnlyForDeploymentPostprocessing = 0;
			shellPath = /bin/sh;
			shellScript = "diff \"${PODS_PODFILE_DIR_PATH}/Podfile.lock\" \"${PODS_ROOT}/Manifest.lock\" > /dev/null\nif [ $? != 0 ] ; then\n    # print error to STDERR\n    echo \"error: The sandbox is not in sync with the Podfile.lock. Run 'pod install' or update your CocoaPods installation.\" >&2\n    exit 1\nfi\n# This output is used by Xcode 'outputs' to avoid re-running this script phase.\necho \"SUCCESS\" > \"${SCRIPT_OUTPUT_FILE_0}\"\n";
			showEnvVarsInLog = 0;
		};
		D6745760386DA1DC8E4918D6 /* [CP] Check Pods Manifest.lock */ = {
			isa = PBXShellScriptBuildPhase;
			buildActionMask = 2147483647;
			files = (
			);
			inputFileListPaths = (
			);
			inputPaths = (
				"${PODS_PODFILE_DIR_PATH}/Podfile.lock",
				"${PODS_ROOT}/Manifest.lock",
			);
			name = "[CP] Check Pods Manifest.lock";
			outputFileListPaths = (
			);
			outputPaths = (
				"$(DERIVED_FILE_DIR)/Pods-MovieDB-checkManifestLockResult.txt",
			);
			runOnlyForDeploymentPostprocessing = 0;
			shellPath = /bin/sh;
			shellScript = "diff \"${PODS_PODFILE_DIR_PATH}/Podfile.lock\" \"${PODS_ROOT}/Manifest.lock\" > /dev/null\nif [ $? != 0 ] ; then\n    # print error to STDERR\n    echo \"error: The sandbox is not in sync with the Podfile.lock. Run 'pod install' or update your CocoaPods installation.\" >&2\n    exit 1\nfi\n# This output is used by Xcode 'outputs' to avoid re-running this script phase.\necho \"SUCCESS\" > \"${SCRIPT_OUTPUT_FILE_0}\"\n";
			showEnvVarsInLog = 0;
		};
/* End PBXShellScriptBuildPhase section */

/* Begin PBXSourcesBuildPhase section */
		084D8E8D250358AA00F44C05 /* Sources */ = {
			isa = PBXSourcesBuildPhase;
			buildActionMask = 2147483647;
			files = (
				084D8E99250358AA00F44C05 /* ViewController.swift in Sources */,
				084D8E95250358AA00F44C05 /* AppDelegate.swift in Sources */,
				084D8E9F250358AA00F44C05 /* MovieDB.xcdatamodeld in Sources */,
				084D8E97250358AA00F44C05 /* SceneDelegate.swift in Sources */,
			);
			runOnlyForDeploymentPostprocessing = 0;
		};
		084D8EA6250358B100F44C05 /* Sources */ = {
			isa = PBXSourcesBuildPhase;
			buildActionMask = 2147483647;
			files = (
				084D8EAF250358B200F44C05 /* MovieDBTests.swift in Sources */,
			);
			runOnlyForDeploymentPostprocessing = 0;
		};
		084D8EB1250358B200F44C05 /* Sources */ = {
			isa = PBXSourcesBuildPhase;
			buildActionMask = 2147483647;
			files = (
				084D8EBA250358B200F44C05 /* MovieDBUITests.swift in Sources */,
			);
			runOnlyForDeploymentPostprocessing = 0;
		};
/* End PBXSourcesBuildPhase section */

/* Begin PBXTargetDependency section */
		084D8EAC250358B100F44C05 /* PBXTargetDependency */ = {
			isa = PBXTargetDependency;
			target = 084D8E90250358AA00F44C05 /* MovieDB */;
			targetProxy = 084D8EAB250358B100F44C05 /* PBXContainerItemProxy */;
		};
		084D8EB7250358B200F44C05 /* PBXTargetDependency */ = {
			isa = PBXTargetDependency;
			target = 084D8E90250358AA00F44C05 /* MovieDB */;
			targetProxy = 084D8EB6250358B200F44C05 /* PBXContainerItemProxy */;
		};
/* End PBXTargetDependency section */

/* Begin PBXVariantGroup section */
		084D8E9A250358AA00F44C05 /* Main.storyboard */ = {
			isa = PBXVariantGroup;
			children = (
				084D8E9B250358AA00F44C05 /* Base */,
			);
			name = Main.storyboard;
			sourceTree = "<group>";
		};
		084D8EA2250358B100F44C05 /* LaunchScreen.storyboard */ = {
			isa = PBXVariantGroup;
			children = (
				084D8EA3250358B100F44C05 /* Base */,
			);
			name = LaunchScreen.storyboard;
			sourceTree = "<group>";
		};
/* End PBXVariantGroup section */

/* Begin XCBuildConfiguration section */
		084D8EBC250358B200F44C05 /* Debug */ = {
			isa = XCBuildConfiguration;
			buildSettings = {
				ALWAYS_SEARCH_USER_PATHS = NO;
				CLANG_ANALYZER_NONNULL = YES;
				CLANG_ANALYZER_NUMBER_OBJECT_CONVERSION = YES_AGGRESSIVE;
				CLANG_CXX_LANGUAGE_STANDARD = "gnu++14";
				CLANG_CXX_LIBRARY = "libc++";
				CLANG_ENABLE_MODULES = YES;
				CLANG_ENABLE_OBJC_ARC = YES;
				CLANG_ENABLE_OBJC_WEAK = YES;
				CLANG_WARN_BLOCK_CAPTURE_AUTORELEASING = YES;
				CLANG_WARN_BOOL_CONVERSION = YES;
				CLANG_WARN_COMMA = YES;
				CLANG_WARN_CONSTANT_CONVERSION = YES;
				CLANG_WARN_DEPRECATED_OBJC_IMPLEMENTATIONS = YES;
				CLANG_WARN_DIRECT_OBJC_ISA_USAGE = YES_ERROR;
				CLANG_WARN_DOCUMENTATION_COMMENTS = YES;
				CLANG_WARN_EMPTY_BODY = YES;
				CLANG_WARN_ENUM_CONVERSION = YES;
				CLANG_WARN_INFINITE_RECURSION = YES;
				CLANG_WARN_INT_CONVERSION = YES;
				CLANG_WARN_NON_LITERAL_NULL_CONVERSION = YES;
				CLANG_WARN_OBJC_IMPLICIT_RETAIN_SELF = YES;
				CLANG_WARN_OBJC_LITERAL_CONVERSION = YES;
				CLANG_WARN_OBJC_ROOT_CLASS = YES_ERROR;
				CLANG_WARN_RANGE_LOOP_ANALYSIS = YES;
				CLANG_WARN_STRICT_PROTOTYPES = YES;
				CLANG_WARN_SUSPICIOUS_MOVE = YES;
				CLANG_WARN_UNGUARDED_AVAILABILITY = YES_AGGRESSIVE;
				CLANG_WARN_UNREACHABLE_CODE = YES;
				CLANG_WARN__DUPLICATE_METHOD_MATCH = YES;
				COPY_PHASE_STRIP = NO;
				DEBUG_INFORMATION_FORMAT = dwarf;
				ENABLE_STRICT_OBJC_MSGSEND = YES;
				ENABLE_TESTABILITY = YES;
				GCC_C_LANGUAGE_STANDARD = gnu11;
				GCC_DYNAMIC_NO_PIC = NO;
				GCC_NO_COMMON_BLOCKS = YES;
				GCC_OPTIMIZATION_LEVEL = 0;
				GCC_PREPROCESSOR_DEFINITIONS = (
					"DEBUG=1",
					"$(inherited)",
				);
				GCC_WARN_64_TO_32_BIT_CONVERSION = YES;
				GCC_WARN_ABOUT_RETURN_TYPE = YES_ERROR;
				GCC_WARN_UNDECLARED_SELECTOR = YES;
				GCC_WARN_UNINITIALIZED_AUTOS = YES_AGGRESSIVE;
				GCC_WARN_UNUSED_FUNCTION = YES;
				GCC_WARN_UNUSED_VARIABLE = YES;
				IPHONEOS_DEPLOYMENT_TARGET = 13.5;
				MTL_ENABLE_DEBUG_INFO = INCLUDE_SOURCE;
				MTL_FAST_MATH = YES;
				ONLY_ACTIVE_ARCH = YES;
				SDKROOT = iphoneos;
				SWIFT_ACTIVE_COMPILATION_CONDITIONS = DEBUG;
				SWIFT_OPTIMIZATION_LEVEL = "-Onone";
			};
			name = Debug;
		};
		084D8EBD250358B200F44C05 /* Release */ = {
			isa = XCBuildConfiguration;
			buildSettings = {
				ALWAYS_SEARCH_USER_PATHS = NO;
				CLANG_ANALYZER_NONNULL = YES;
				CLANG_ANALYZER_NUMBER_OBJECT_CONVERSION = YES_AGGRESSIVE;
				CLANG_CXX_LANGUAGE_STANDARD = "gnu++14";
				CLANG_CXX_LIBRARY = "libc++";
				CLANG_ENABLE_MODULES = YES;
				CLANG_ENABLE_OBJC_ARC = YES;
				CLANG_ENABLE_OBJC_WEAK = YES;
				CLANG_WARN_BLOCK_CAPTURE_AUTORELEASING = YES;
				CLANG_WARN_BOOL_CONVERSION = YES;
				CLANG_WARN_COMMA = YES;
				CLANG_WARN_CONSTANT_CONVERSION = YES;
				CLANG_WARN_DEPRECATED_OBJC_IMPLEMENTATIONS = YES;
				CLANG_WARN_DIRECT_OBJC_ISA_USAGE = YES_ERROR;
				CLANG_WARN_DOCUMENTATION_COMMENTS = YES;
				CLANG_WARN_EMPTY_BODY = YES;
				CLANG_WARN_ENUM_CONVERSION = YES;
				CLANG_WARN_INFINITE_RECURSION = YES;
				CLANG_WARN_INT_CONVERSION = YES;
				CLANG_WARN_NON_LITERAL_NULL_CONVERSION = YES;
				CLANG_WARN_OBJC_IMPLICIT_RETAIN_SELF = YES;
				CLANG_WARN_OBJC_LITERAL_CONVERSION = YES;
				CLANG_WARN_OBJC_ROOT_CLASS = YES_ERROR;
				CLANG_WARN_RANGE_LOOP_ANALYSIS = YES;
				CLANG_WARN_STRICT_PROTOTYPES = YES;
				CLANG_WARN_SUSPICIOUS_MOVE = YES;
				CLANG_WARN_UNGUARDED_AVAILABILITY = YES_AGGRESSIVE;
				CLANG_WARN_UNREACHABLE_CODE = YES;
				CLANG_WARN__DUPLICATE_METHOD_MATCH = YES;
				COPY_PHASE_STRIP = NO;
				DEBUG_INFORMATION_FORMAT = "dwarf-with-dsym";
				ENABLE_NS_ASSERTIONS = NO;
				ENABLE_STRICT_OBJC_MSGSEND = YES;
				GCC_C_LANGUAGE_STANDARD = gnu11;
				GCC_NO_COMMON_BLOCKS = YES;
				GCC_WARN_64_TO_32_BIT_CONVERSION = YES;
				GCC_WARN_ABOUT_RETURN_TYPE = YES_ERROR;
				GCC_WARN_UNDECLARED_SELECTOR = YES;
				GCC_WARN_UNINITIALIZED_AUTOS = YES_AGGRESSIVE;
				GCC_WARN_UNUSED_FUNCTION = YES;
				GCC_WARN_UNUSED_VARIABLE = YES;
				IPHONEOS_DEPLOYMENT_TARGET = 13.5;
				MTL_ENABLE_DEBUG_INFO = NO;
				MTL_FAST_MATH = YES;
				SDKROOT = iphoneos;
				SWIFT_COMPILATION_MODE = wholemodule;
				SWIFT_OPTIMIZATION_LEVEL = "-O";
				VALIDATE_PRODUCT = YES;
			};
			name = Release;
		};
		084D8EBF250358B200F44C05 /* Debug */ = {
			isa = XCBuildConfiguration;
			baseConfigurationReference = C9568CEF6187A5B277C6390F /* Pods-MovieDB.debug.xcconfig */;
			buildSettings = {
				ASSETCATALOG_COMPILER_APPICON_NAME = AppIcon;
				CODE_SIGN_STYLE = Automatic;
				DEVELOPMENT_TEAM = C3Q38N8A85;
				INFOPLIST_FILE = MovieDB/Info.plist;
				LD_RUNPATH_SEARCH_PATHS = (
					"$(inherited)",
					"@executable_path/Frameworks",
				);
				PRODUCT_BUNDLE_IDENTIFIER = com.shrunki.MovieDB;
				PRODUCT_NAME = "$(TARGET_NAME)";
				SWIFT_VERSION = 5.0;
				TARGETED_DEVICE_FAMILY = "1,2";
			};
			name = Debug;
		};
		084D8EC0250358B200F44C05 /* Release */ = {
			isa = XCBuildConfiguration;
			baseConfigurationReference = B858A416139601E819AAAC1B /* Pods-MovieDB.release.xcconfig */;
			buildSettings = {
				ASSETCATALOG_COMPILER_APPICON_NAME = AppIcon;
				CODE_SIGN_STYLE = Automatic;
				DEVELOPMENT_TEAM = C3Q38N8A85;
				INFOPLIST_FILE = MovieDB/Info.plist;
				LD_RUNPATH_SEARCH_PATHS = (
					"$(inherited)",
					"@executable_path/Frameworks",
				);
				PRODUCT_BUNDLE_IDENTIFIER = com.shrunki.MovieDB;
				PRODUCT_NAME = "$(TARGET_NAME)";
				SWIFT_VERSION = 5.0;
				TARGETED_DEVICE_FAMILY = "1,2";
			};
			name = Release;
		};
		084D8EC2250358B200F44C05 /* Debug */ = {
			isa = XCBuildConfiguration;
			baseConfigurationReference = F1B248C2AB44357603EF3BF6 /* Pods-MovieDBTests.debug.xcconfig */;
			buildSettings = {
				ALWAYS_EMBED_SWIFT_STANDARD_LIBRARIES = YES;
				BUNDLE_LOADER = "$(TEST_HOST)";
				CODE_SIGN_STYLE = Automatic;
				DEVELOPMENT_TEAM = C3Q38N8A85;
				INFOPLIST_FILE = MovieDBTests/Info.plist;
				IPHONEOS_DEPLOYMENT_TARGET = 13.5;
				LD_RUNPATH_SEARCH_PATHS = (
					"$(inherited)",
					"@executable_path/Frameworks",
					"@loader_path/Frameworks",
				);
				PRODUCT_BUNDLE_IDENTIFIER = com.shrunki.MovieDBTests;
				PRODUCT_NAME = "$(TARGET_NAME)";
				SWIFT_VERSION = 5.0;
				TARGETED_DEVICE_FAMILY = "1,2";
				TEST_HOST = "$(BUILT_PRODUCTS_DIR)/MovieDB.app/MovieDB";
			};
			name = Debug;
		};
		084D8EC3250358B200F44C05 /* Release */ = {
			isa = XCBuildConfiguration;
			baseConfigurationReference = 948016AF0CEF68F1875AEDD4 /* Pods-MovieDBTests.release.xcconfig */;
			buildSettings = {
				ALWAYS_EMBED_SWIFT_STANDARD_LIBRARIES = YES;
				BUNDLE_LOADER = "$(TEST_HOST)";
				CODE_SIGN_STYLE = Automatic;
				DEVELOPMENT_TEAM = C3Q38N8A85;
				INFOPLIST_FILE = MovieDBTests/Info.plist;
				IPHONEOS_DEPLOYMENT_TARGET = 13.5;
				LD_RUNPATH_SEARCH_PATHS = (
					"$(inherited)",
					"@executable_path/Frameworks",
					"@loader_path/Frameworks",
				);
				PRODUCT_BUNDLE_IDENTIFIER = com.shrunki.MovieDBTests;
				PRODUCT_NAME = "$(TARGET_NAME)";
				SWIFT_VERSION = 5.0;
				TARGETED_DEVICE_FAMILY = "1,2";
				TEST_HOST = "$(BUILT_PRODUCTS_DIR)/MovieDB.app/MovieDB";
			};
			name = Release;
		};
		084D8EC5250358B200F44C05 /* Debug */ = {
			isa = XCBuildConfiguration;
			baseConfigurationReference = 5534C78243661C911A2B0849 /* Pods-MovieDB-MovieDBUITests.debug.xcconfig */;
			buildSettings = {
				ALWAYS_EMBED_SWIFT_STANDARD_LIBRARIES = YES;
				CODE_SIGN_STYLE = Automatic;
				DEVELOPMENT_TEAM = C3Q38N8A85;
				INFOPLIST_FILE = MovieDBUITests/Info.plist;
				LD_RUNPATH_SEARCH_PATHS = (
					"$(inherited)",
					"@executable_path/Frameworks",
					"@loader_path/Frameworks",
				);
				PRODUCT_BUNDLE_IDENTIFIER = com.shrunki.MovieDBUITests;
				PRODUCT_NAME = "$(TARGET_NAME)";
				SWIFT_VERSION = 5.0;
				TARGETED_DEVICE_FAMILY = "1,2";
				TEST_TARGET_NAME = MovieDB;
			};
			name = Debug;
		};
		084D8EC6250358B200F44C05 /* Release */ = {
			isa = XCBuildConfiguration;
			baseConfigurationReference = 57D8C91A7EAC5FB364347E4A /* Pods-MovieDB-MovieDBUITests.release.xcconfig */;
			buildSettings = {
				ALWAYS_EMBED_SWIFT_STANDARD_LIBRARIES = YES;
				CODE_SIGN_STYLE = Automatic;
				DEVELOPMENT_TEAM = C3Q38N8A85;
				INFOPLIST_FILE = MovieDBUITests/Info.plist;
				LD_RUNPATH_SEARCH_PATHS = (
					"$(inherited)",
					"@executable_path/Frameworks",
					"@loader_path/Frameworks",
				);
				PRODUCT_BUNDLE_IDENTIFIER = com.shrunki.MovieDBUITests;
				PRODUCT_NAME = "$(TARGET_NAME)";
				SWIFT_VERSION = 5.0;
				TARGETED_DEVICE_FAMILY = "1,2";
				TEST_TARGET_NAME = MovieDB;
			};
			name = Release;
		};
/* End XCBuildConfiguration section */

/* Begin XCConfigurationList section */
		084D8E8C250358AA00F44C05 /* Build configuration list for PBXProject "MovieDB" */ = {
			isa = XCConfigurationList;
			buildConfigurations = (
				084D8EBC250358B200F44C05 /* Debug */,
				084D8EBD250358B200F44C05 /* Release */,
			);
			defaultConfigurationIsVisible = 0;
			defaultConfigurationName = Release;
		};
		084D8EBE250358B200F44C05 /* Build configuration list for PBXNativeTarget "MovieDB" */ = {
			isa = XCConfigurationList;
			buildConfigurations = (
				084D8EBF250358B200F44C05 /* Debug */,
				084D8EC0250358B200F44C05 /* Release */,
			);
			defaultConfigurationIsVisible = 0;
			defaultConfigurationName = Release;
		};
		084D8EC1250358B200F44C05 /* Build configuration list for PBXNativeTarget "MovieDBTests" */ = {
			isa = XCConfigurationList;
			buildConfigurations = (
				084D8EC2250358B200F44C05 /* Debug */,
				084D8EC3250358B200F44C05 /* Release */,
			);
			defaultConfigurationIsVisible = 0;
			defaultConfigurationName = Release;
		};
		084D8EC4250358B200F44C05 /* Build configuration list for PBXNativeTarget "MovieDBUITests" */ = {
			isa = XCConfigurationList;
			buildConfigurations = (
				084D8EC5250358B200F44C05 /* Debug */,
				084D8EC6250358B200F44C05 /* Release */,
			);
			defaultConfigurationIsVisible = 0;
			defaultConfigurationName = Release;
		};
/* End XCConfigurationList section */

/* Begin XCVersionGroup section */
		084D8E9D250358AA00F44C05 /* MovieDB.xcdatamodeld */ = {
			isa = XCVersionGroup;
			children = (
				084D8E9E250358AA00F44C05 /* MovieDB.xcdatamodel */,
			);
			currentVersion = 084D8E9E250358AA00F44C05 /* MovieDB.xcdatamodel */;
			path = MovieDB.xcdatamodeld;
			sourceTree = "<group>";
			versionGroupType = wrapper.xcdatamodel;
		};
/* End XCVersionGroup section */
	};
	rootObject = 084D8E89250358AA00F44C05 /* Project object */;
}
